{
  "name": "painel-da-casa",
  "version": "0.1.0",
  "lockfileVersion": 3,
  "requires": true,
  "packages": {
    "": {
      "name": "painel-da-casa",
      "version": "0.1.0",
      "dependencies": {
        "@varias-ideias/plataforma": "github:Varias-Ideias/plataforma"
      },
      "engines": {
        "node": ">=20"
      }
    },
    "node_modules/@varias-ideias/plataforma": {
      "version": "0.1.0",
      "resolved": "git+ssh://git@github.com/Varias-Ideias/plataforma.git#338dde3ad398bf0b58644050855f4d789dfd0c30",
      "bin": {
        "buscar": "bin/buscar.js",
        "portao-contexto": "bin/portao-contexto.js",
        "validar-envelope": "bin/validar-envelope.js"
      },
      "engines": {
        "node": ">=20"
      }
    }
  }
}
