{
  "name": "painel-da-casa",
  "version": "0.0.0",
  "lockfileVersion": 3,
  "requires": true,
  "packages": {
    "": {
      "name": "painel-da-casa",
      "version": "0.0.0",
      "dependencies": {
        "@varias-ideias/plataforma": "file:../../OneDrive/Documentos/build/plataforma"
      },
      "engines": {
        "node": ">=20"
      }
    },
    "../../OneDrive/Documentos/build/plataforma": {
      "name": "@varias-ideias/plataforma",
      "version": "0.1.0",
      "bin": {
        "buscar": "bin/buscar.js",
        "instalar-skills": "bin/instalar-skills.js",
        "portao-contexto": "bin/portao-contexto.js",
        "validar-envelope": "bin/validar-envelope.js"
      },
      "engines": {
        "node": ">=20"
      }
    },
    "node_modules/@varias-ideias/plataforma": {
      "resolved": "../../OneDrive/Documentos/build/plataforma",
      "link": true
    }
  }
}
